
Microsoft Visual Studio Solution File, Format Version 12.00
# Visual Studio Version 17
VisualStudioVersion = 17.0.32112.339
MinimumVisualStudioVersion = 10.0.40219.1
Project("{FAE04EC0-301F-11D3-BF4B-00C04F79EFBC}") = "Kafka-Fleck-Server", "Kafka-Fleck-Server\Kafka-Fleck-Server.csproj", "{D3E4B536-00C6-4DAE-B11E-35FC4632D1ED}"
EndProject
Global
	GlobalSection(SolutionConfigurationPlatforms) = preSolution
		Debug|Any CPU = Debug|Any CPU
		Release|Any CPU = Release|Any CPU
	EndGlobalSection
	GlobalSection(ProjectConfigurationPlatforms) = postSolution
		{D3E4B536-00C6-4DAE-B11E-35FC4632D1ED}.Debug|Any CPU.ActiveCfg = Debug|Any CPU
		{D3E4B536-00C6-4DAE-B11E-35FC4632D1ED}.Debug|Any CPU.Build.0 = Debug|Any CPU
		{D3E4B536-00C6-4DAE-B11E-35FC4632D1ED}.Release|Any CPU.ActiveCfg = Release|Any CPU
		{D3E4B536-00C6-4DAE-B11E-35FC4632D1ED}.Release|Any CPU.Build.0 = Release|Any CPU
	EndGlobalSection
	GlobalSection(SolutionProperties) = preSolution
		HideSolutionNode = FALSE
	EndGlobalSection
	GlobalSection(ExtensibilityGlobals) = postSolution
		SolutionGuid = {7D5EA756-3D56-43A2-B340-3CB5A1603A62}
	EndGlobalSection
EndGlobal
